
Microsoft Visual Studio Solution File, Format Version 10.00
# Visual Studio 2008
Project("{FAE04EC0-301F-11D3-BF4B-00C04F79EFBC}") = "HelloWorld", "HelloWorld\HelloWorld.csproj", "{663E92BA-ECFC-45F8-B6A9-B2CC4357F463}"
EndProject
Global
	GlobalSection(SolutionConfigurationPlatforms) = preSolution
		Debug|iPhoneSimulator = Debug|iPhoneSimulator
		Release|iPhoneSimulator = Release|iPhoneSimulator
		Debug|iPhone = Debug|iPhone
		Release|iPhone = Release|iPhone
	EndGlobalSection
	GlobalSection(ProjectConfigurationPlatforms) = postSolution
		{663E92BA-ECFC-45F8-B6A9-B2CC4357F463}.Debug|iPhone.ActiveCfg = Debug|iPhone
		{663E92BA-ECFC-45F8-B6A9-B2CC4357F463}.Debug|iPhone.Build.0 = Debug|iPhone
		{663E92BA-ECFC-45F8-B6A9-B2CC4357F463}.Debug|iPhoneSimulator.ActiveCfg = Debug|iPhoneSimulator
		{663E92BA-ECFC-45F8-B6A9-B2CC4357F463}.Debug|iPhoneSimulator.Build.0 = Debug|iPhoneSimulator
		{663E92BA-ECFC-45F8-B6A9-B2CC4357F463}.Release|iPhone.ActiveCfg = Release|iPhone
		{663E92BA-ECFC-45F8-B6A9-B2CC4357F463}.Release|iPhone.Build.0 = Release|iPhone
		{663E92BA-ECFC-45F8-B6A9-B2CC4357F463}.Release|iPhoneSimulator.ActiveCfg = Release|iPhoneSimulator
		{663E92BA-ECFC-45F8-B6A9-B2CC4357F463}.Release|iPhoneSimulator.Build.0 = Release|iPhoneSimulator
	EndGlobalSection
	GlobalSection(MonoDevelopProperties) = preSolution
		StartupItem = HelloWorld\HelloWorld.csproj
	EndGlobalSection
EndGlobal
